// !$*UTF8*$!
{
	archiveVersion = 1;
	classes = {
	};
	objectVersion = 50;
	objects = {

/* Begin PBXBuildFile section */
		7A80D667248A841D00BE8060 /* AppDelegate.swift in Sources */ = {isa = PBXBuildFile; fileRef = 7A80D666248A841D00BE8060 /* AppDelegate.swift */; };
		7A80D669248A841D00BE8060 /* SceneDelegate.swift in Sources */ = {isa = PBXBuildFile; fileRef = 7A80D668248A841D00BE8060 /* SceneDelegate.swift */; };
		7A80D66B248A841D00BE8060 /* ViewController.swift in Sources */ = {isa = PBXBuildFile; fileRef = 7A80D66A248A841D00BE8060 /* ViewController.swift */; };
		7A80D66E248A841D00BE8060 /* Main.storyboard in Resources */ = {isa = PBXBuildFile; fileRef = 7A80D66C248A841D00BE8060 /* Main.storyboard */; };
		7A80D670248A842200BE8060 /* Assets.xcassets in Resources */ = {isa = PBXBuildFile; fileRef = 7A80D66F248A842200BE8060 /* Assets.xcassets */; };
		7A80D673248A842200BE8060 /* LaunchScreen.storyboard in Resources */ = {isa = PBXBuildFile; fileRef = 7A80D671248A842200BE8060 /* LaunchScreen.storyboard */; };
		7A80D67B248A845100BE8060 /* RequestModel.swift in Sources */ = {isa = PBXBuildFile; fileRef = 7A80D67A248A845100BE8060 /* RequestModel.swift */; };
		7A84AB292493A8FB008A1167 /* Valuta.swift in Sources */ = {isa = PBXBuildFile; fileRef = 7A84AB282493A8FB008A1167 /* Valuta.swift */; };
		7AEA60892495119900302941 /* DemoView.swift in Sources */ = {isa = PBXBuildFile; fileRef = 7AEA60882495119900302941 /* DemoView.swift */; };
/* End PBXBuildFile section */

/* Begin PBXFileReference section */
		7A80D663248A841D00BE8060 /* MyURLSession.app */ = {isa = PBXFileReference; explicitFileType = wrapper.application; includeInIndex = 0; path = MyURLSession.app; sourceTree = BUILT_PRODUCTS_DIR; };
		7A80D666248A841D00BE8060 /* AppDelegate.swift */ = {isa = PBXFileReference; lastKnownFileType = sourcecode.swift; path = AppDelegate.swift; sourceTree = "<group>"; };
		7A80D668248A841D00BE8060 /* SceneDelegate.swift */ = {isa = PBXFileReference; lastKnownFileType = sourcecode.swift; path = SceneDelegate.swift; sourceTree = "<group>"; };
		7A80D66A248A841D00BE8060 /* ViewController.swift */ = {isa = PBXFileReference; lastKnownFileType = sourcecode.swift; path = ViewController.swift; sourceTree = "<group>"; };
		7A80D66D248A841D00BE8060 /* Base */ = {isa = PBXFileReference; lastKnownFileType = file.storyboard; name = Base; path = Base.lproj/Main.storyboard; sourceTree = "<group>"; };
		7A80D66F248A842200BE8060 /* Assets.xcassets */ = {isa = PBXFileReference; lastKnownFileType = folder.assetcatalog; path = Assets.xcassets; sourceTree = "<group>"; };
		7A80D672248A842200BE8060 /* Base */ = {isa = PBXFileReference; lastKnownFileType = file.storyboard; name = Base; path = Base.lproj/LaunchScreen.storyboard; sourceTree = "<group>"; };
		7A80D674248A842200BE8060 /* Info.plist */ = {isa = PBXFileReference; lastKnownFileType = text.plist.xml; path = Info.plist; sourceTree = "<group>"; };
		7A80D67A248A845100BE8060 /* RequestModel.swift */ = {isa = PBXFileReference; lastKnownFileType = sourcecode.swift; path = RequestModel.swift; sourceTree = "<group>"; };
		7A84AB282493A8FB008A1167 /* Valuta.swift */ = {isa = PBXFileReference; fileEncoding = 4; lastKnownFileType = sourcecode.swift; path = Valuta.swift; sourceTree = "<group>"; };
		7AEA60882495119900302941 /* DemoView.swift */ = {isa = PBXFileReference; fileEncoding = 4; lastKnownFileType = sourcecode.swift; path = DemoView.swift; sourceTree = "<group>"; };
/* End PBXFileReference section */

/* Begin PBXFrameworksBuildPhase section */
		7A80D660248A841D00BE8060 /* Frameworks */ = {
			isa = PBXFrameworksBuildPhase;
			buildActionMask = 2147483647;
			files = (
			);
			runOnlyForDeploymentPostprocessing = 0;
		};
/* End PBXFrameworksBuildPhase section */

/* Begin PBXGroup section */
		7A80D65A248A841C00BE8060 = {
			isa = PBXGroup;
			children = (
				7A80D665248A841D00BE8060 /* MyURLSession */,
				7A80D664248A841D00BE8060 /* Products */,
			);
			sourceTree = "<group>";
		};
		7A80D664248A841D00BE8060 /* Products */ = {
			isa = PBXGroup;
			children = (
				7A80D663248A841D00BE8060 /* MyURLSession.app */,
			);
			name = Products;
			sourceTree = "<group>";
		};
		7A80D665248A841D00BE8060 /* MyURLSession */ = {
			isa = PBXGroup;
			children = (
				7A80D666248A841D00BE8060 /* AppDelegate.swift */,
				7A80D668248A841D00BE8060 /* SceneDelegate.swift */,
				7A80D66A248A841D00BE8060 /* ViewController.swift */,
				7AEA60882495119900302941 /* DemoView.swift */,
				7A80D66C248A841D00BE8060 /* Main.storyboard */,
				7A80D66F248A842200BE8060 /* Assets.xcassets */,
				7A80D671248A842200BE8060 /* LaunchScreen.storyboard */,
				7A80D674248A842200BE8060 /* Info.plist */,
				7A80D67A248A845100BE8060 /* RequestModel.swift */,
				7A84AB282493A8FB008A1167 /* Valuta.swift */,
			);
			path = MyURLSession;
			sourceTree = "<group>";
		};
/* End PBXGroup section */

/* Begin PBXNativeTarget section */
		7A80D662248A841D00BE8060 /* MyURLSession */ = {
			isa = PBXNativeTarget;
			buildConfigurationList = 7A80D677248A842200BE8060 /* Build configuration list for PBXNativeTarget "MyURLSession" */;
			buildPhases = (
				7A80D65F248A841D00BE8060 /* Sources */,
				7A80D660248A841D00BE8060 /* Frameworks */,
				7A80D661248A841D00BE8060 /* Resources */,
			);
			buildRules = (
			);
			dependencies = (
			);
			name = MyURLSession;
			productName = MyURLSession;
			productReference = 7A80D663248A841D00BE8060 /* MyURLSession.app */;
			productType = "com.apple.product-type.application";
		};
/* End PBXNativeTarget section */

/* Begin PBXProject section */
		7A80D65B248A841C00BE8060 /* Project object */ = {
			isa = PBXProject;
			attributes = {
				LastSwiftUpdateCheck = 1150;
				LastUpgradeCheck = 1150;
				ORGANIZATIONNAME = "Даниил Максимчик";
				TargetAttributes = {
					7A80D662248A841D00BE8060 = {
						CreatedOnToolsVersion = 11.5;
					};
				};
			};
			buildConfigurationList = 7A80D65E248A841C00BE8060 /* Build configuration list for PBXProject "MyURLSession" */;
			compatibilityVersion = "Xcode 9.3";
			developmentRegion = en;
			hasScannedForEncodings = 0;
			knownRegions = (
				en,
				Base,
			);
			mainGroup = 7A80D65A248A841C00BE8060;
			productRefGroup = 7A80D664248A841D00BE8060 /* Products */;
			projectDirPath = "";
			projectRoot = "";
			targets = (
				7A80D662248A841D00BE8060 /* MyURLSession */,
			);
		};
/* End PBXProject section */

/* Begin PBXResourcesBuildPhase section */
		7A80D661248A841D00BE8060 /* Resources */ = {
			isa = PBXResourcesBuildPhase;
			buildActionMask = 2147483647;
			files = (
				7A80D673248A842200BE8060 /* LaunchScreen.storyboard in Resources */,
				7A80D670248A842200BE8060 /* Assets.xcassets in Resources */,
				7A80D66E248A841D00BE8060 /* Main.storyboard in Resources */,
			);
			runOnlyForDeploymentPostprocessing = 0;
		};
/* End PBXResourcesBuildPhase section */

/* Begin PBXSourcesBuildPhase section */
		7A80D65F248A841D00BE8060 /* Sources */ = {
			isa = PBXSourcesBuildPhase;
			buildActionMask = 2147483647;
			files = (
				7A80D66B248A841D00BE8060 /* ViewController.swift in Sources */,
				7AEA60892495119900302941 /* DemoView.swift in Sources */,
				7A80D667248A841D00BE8060 /* AppDelegate.swift in Sources */,
				7A80D669248A841D00BE8060 /* SceneDelegate.swift in Sources */,
				7A80D67B248A845100BE8060 /* RequestModel.swift in Sources */,
				7A84AB292493A8FB008A1167 /* Valuta.swift in Sources */,
			);
			runOnlyForDeploymentPostprocessing = 0;
		};
/* End PBXSourcesBuildPhase section */

/* Begin PBXVariantGroup section */
		7A80D66C248A841D00BE8060 /* Main.storyboard */ = {
			isa = PBXVariantGroup;
			children = (
				7A80D66D248A841D00BE8060 /* Base */,
			);
			name = Main.storyboard;
			sourceTree = "<group>";
		};
		7A80D671248A842200BE8060 /* LaunchScreen.storyboard */ = {
			isa = PBXVariantGroup;
			children = (
				7A80D672248A842200BE8060 /* Base */,
			);
			name = LaunchScreen.storyboard;
			sourceTree = "<group>";
		};
/* End PBXVariantGroup section */

/* Begin XCBuildConfiguration section */
		7A80D675248A842200BE8060 /* Debug */ = {
			isa = XCBuildConfiguration;
			buildSettings = {
				ALWAYS_SEARCH_USER_PATHS = NO;
				CLANG_ANALYZER_NONNULL = YES;
				CLANG_ANALYZER_NUMBER_OBJECT_CONVERSION = YES_AGGRESSIVE;
				CLANG_CXX_LANGUAGE_STANDARD = "gnu++14";
				CLANG_CXX_LIBRARY = "libc++";
				CLANG_ENABLE_MODULES = YES;
				CLANG_ENABLE_OBJC_ARC = YES;
				CLANG_ENABLE_OBJC_WEAK = YES;
				CLANG_WARN_BLOCK_CAPTURE_AUTORELEASING = YES;
				CLANG_WARN_BOOL_CONVERSION = YES;
				CLANG_WARN_COMMA = YES;
				CLANG_WARN_CONSTANT_CONVERSION = YES;
				CLANG_WARN_DEPRECATED_OBJC_IMPLEMENTATIONS = YES;
				CLANG_WARN_DIRECT_OBJC_ISA_USAGE = YES_ERROR;
				CLANG_WARN_DOCUMENTATION_COMMENTS = YES;
				CLANG_WARN_EMPTY_BODY = YES;
				CLANG_WARN_ENUM_CONVERSION = YES;
				CLANG_WARN_INFINITE_RECURSION = YES;
				CLANG_WARN_INT_CONVERSION = YES;
				CLANG_WARN_NON_LITERAL_NULL_CONVERSION = YES;
				CLANG_WARN_OBJC_IMPLICIT_RETAIN_SELF = YES;
				CLANG_WARN_OBJC_LITERAL_CONVERSION = YES;
				CLANG_WARN_OBJC_ROOT_CLASS = YES_ERROR;
				CLANG_WARN_RANGE_LOOP_ANALYSIS = YES;
				CLANG_WARN_STRICT_PROTOTYPES = YES;
				CLANG_WARN_SUSPICIOUS_MOVE = YES;
				CLANG_WARN_UNGUARDED_AVAILABILITY = YES_AGGRESSIVE;
				CLANG_WARN_UNREACHABLE_CODE = YES;
				CLANG_WARN__DUPLICATE_METHOD_MATCH = YES;
				COPY_PHASE_STRIP = NO;
				DEBUG_INFORMATION_FORMAT = dwarf;
				ENABLE_STRICT_OBJC_MSGSEND = YES;
				ENABLE_TESTABILITY = YES;
				GCC_C_LANGUAGE_STANDARD = gnu11;
				GCC_DYNAMIC_NO_PIC = NO;
				GCC_NO_COMMON_BLOCKS = YES;
				GCC_OPTIMIZATION_LEVEL = 0;
				GCC_PREPROCESSOR_DEFINITIONS = (
					"DEBUG=1",
					"$(inherited)",
				);
				GCC_WARN_64_TO_32_BIT_CONVERSION = YES;
				GCC_WARN_ABOUT_RETURN_TYPE = YES_ERROR;
				GCC_WARN_UNDECLARED_SELECTOR = YES;
				GCC_WARN_UNINITIALIZED_AUTOS = YES_AGGRESSIVE;
				GCC_WARN_UNUSED_FUNCTION = YES;
				GCC_WARN_UNUSED_VARIABLE = YES;
				IPHONEOS_DEPLOYMENT_TARGET = 13.5;
				MTL_ENABLE_DEBUG_INFO = INCLUDE_SOURCE;
				MTL_FAST_MATH = YES;
				ONLY_ACTIVE_ARCH = YES;
				SDKROOT = iphoneos;
				SWIFT_ACTIVE_COMPILATION_CONDITIONS = DEBUG;
				SWIFT_OPTIMIZATION_LEVEL = "-Onone";
			};
			name = Debug;
		};
		7A80D676248A842200BE8060 /* Release */ = {
			isa = XCBuildConfiguration;
			buildSettings = {
				ALWAYS_SEARCH_USER_PATHS = NO;
				CLANG_ANALYZER_NONNULL = YES;
				CLANG_ANALYZER_NUMBER_OBJECT_CONVERSION = YES_AGGRESSIVE;
				CLANG_CXX_LANGUAGE_STANDARD = "gnu++14";
				CLANG_CXX_LIBRARY = "libc++";
				CLANG_ENABLE_MODULES = YES;
				CLANG_ENABLE_OBJC_ARC = YES;
				CLANG_ENABLE_OBJC_WEAK = YES;
				CLANG_WARN_BLOCK_CAPTURE_AUTORELEASING = YES;
				CLANG_WARN_BOOL_CONVERSION = YES;
				CLANG_WARN_COMMA = YES;
				CLANG_WARN_CONSTANT_CONVERSION = YES;
				CLANG_WARN_DEPRECATED_OBJC_IMPLEMENTATIONS = YES;
				CLANG_WARN_DIRECT_OBJC_ISA_USAGE = YES_ERROR;
				CLANG_WARN_DOCUMENTATION_COMMENTS = YES;
				CLANG_WARN_EMPTY_BODY = YES;
				CLANG_WARN_ENUM_CONVERSION = YES;
				CLANG_WARN_INFINITE_RECURSION = YES;
				CLANG_WARN_INT_CONVERSION = YES;
				CLANG_WARN_NON_LITERAL_NULL_CONVERSION = YES;
				CLANG_WARN_OBJC_IMPLICIT_RETAIN_SELF = YES;
				CLANG_WARN_OBJC_LITERAL_CONVERSION = YES;
				CLANG_WARN_OBJC_ROOT_CLASS = YES_ERROR;
				CLANG_WARN_RANGE_LOOP_ANALYSIS = YES;
				CLANG_WARN_STRICT_PROTOTYPES = YES;
				CLANG_WARN_SUSPICIOUS_MOVE = YES;
				CLANG_WARN_UNGUARDED_AVAILABILITY = YES_AGGRESSIVE;
				CLANG_WARN_UNREACHABLE_CODE = YES;
				CLANG_WARN__DUPLICATE_METHOD_MATCH = YES;
				COPY_PHASE_STRIP = NO;
				DEBUG_INFORMATION_FORMAT = "dwarf-with-dsym";
				ENABLE_NS_ASSERTIONS = NO;
				ENABLE_STRICT_OBJC_MSGSEND = YES;
				GCC_C_LANGUAGE_STANDARD = gnu11;
				GCC_NO_COMMON_BLOCKS = YES;
				GCC_WARN_64_TO_32_BIT_CONVERSION = YES;
				GCC_WARN_ABOUT_RETURN_TYPE = YES_ERROR;
				GCC_WARN_UNDECLARED_SELECTOR = YES;
				GCC_WARN_UNINITIALIZED_AUTOS = YES_AGGRESSIVE;
				GCC_WARN_UNUSED_FUNCTION = YES;
				GCC_WARN_UNUSED_VARIABLE = YES;
				IPHONEOS_DEPLOYMENT_TARGET = 13.5;
				MTL_ENABLE_DEBUG_INFO = NO;
				MTL_FAST_MATH = YES;
				SDKROOT = iphoneos;
				SWIFT_COMPILATION_MODE = wholemodule;
				SWIFT_OPTIMIZATION_LEVEL = "-O";
				VALIDATE_PRODUCT = YES;
			};
			name = Release;
		};
		7A80D678248A842200BE8060 /* Debug */ = {
			isa = XCBuildConfiguration;
			buildSettings = {
				ASSETCATALOG_COMPILER_APPICON_NAME = AppIcon;
				CODE_SIGN_STYLE = Automatic;
				DEVELOPMENT_TEAM = 57256HVCJS;
				INFOPLIST_FILE = MyURLSession/Info.plist;
				LD_RUNPATH_SEARCH_PATHS = (
					"$(inherited)",
					"@executable_path/Frameworks",
				);
				PRODUCT_BUNDLE_IDENTIFIER = BSUIR.MyURLSession;
				PRODUCT_NAME = "$(TARGET_NAME)";
				SWIFT_VERSION = 5.0;
				TARGETED_DEVICE_FAMILY = "1,2";
			};
			name = Debug;
		};
		7A80D679248A842200BE8060 /* Release */ = {
			isa = XCBuildConfiguration;
			buildSettings = {
				ASSETCATALOG_COMPILER_APPICON_NAME = AppIcon;
				CODE_SIGN_STYLE = Automatic;
				DEVELOPMENT_TEAM = 57256HVCJS;
				INFOPLIST_FILE = MyURLSession/Info.plist;
				LD_RUNPATH_SEARCH_PATHS = (
					"$(inherited)",
					"@executable_path/Frameworks",
				);
				PRODUCT_BUNDLE_IDENTIFIER = BSUIR.MyURLSession;
				PRODUCT_NAME = "$(TARGET_NAME)";
				SWIFT_VERSION = 5.0;
				TARGETED_DEVICE_FAMILY = "1,2";
			};
			name = Release;
		};
/* End XCBuildConfiguration section */

/* Begin XCConfigurationList section */
		7A80D65E248A841C00BE8060 /* Build configuration list for PBXProject "MyURLSession" */ = {
			isa = XCConfigurationList;
			buildConfigurations = (
				7A80D675248A842200BE8060 /* Debug */,
				7A80D676248A842200BE8060 /* Release */,
			);
			defaultConfigurationIsVisible = 0;
			defaultConfigurationName = Release;
		};
		7A80D677248A842200BE8060 /* Build configuration list for PBXNativeTarget "MyURLSession" */ = {
			isa = XCConfigurationList;
			buildConfigurations = (
				7A80D678248A842200BE8060 /* Debug */,
				7A80D679248A842200BE8060 /* Release */,
			);
			defaultConfigurationIsVisible = 0;
			defaultConfigurationName = Release;
		};
/* End XCConfigurationList section */
	};
	rootObject = 7A80D65B248A841C00BE8060 /* Project object */;
}
